
Microsoft Visual Studio Solution File, Format Version 12.00
# Visual Studio Version 16
VisualStudioVersion = 16.0.29709.97
MinimumVisualStudioVersion = 10.0.40219.1
Project("{FAE04EC0-301F-11D3-BF4B-00C04F79EFBC}") = "Lab3", "Lab3\Lab3.csproj", "{B0D909AE-7BAB-4692-ADC8-F114F1AEC4D0}"
EndProject
Global
	GlobalSection(SolutionConfigurationPlatforms) = preSolution
		Debug|Any CPU = Debug|Any CPU
		Release|Any CPU = Release|Any CPU
	EndGlobalSection
	GlobalSection(ProjectConfigurationPlatforms) = postSolution
		{B0D909AE-7BAB-4692-ADC8-F114F1AEC4D0}.Debug|Any CPU.ActiveCfg = Debug|Any CPU
		{B0D909AE-7BAB-4692-ADC8-F114F1AEC4D0}.Debug|Any CPU.Build.0 = Debug|Any CPU
		{B0D909AE-7BAB-4692-ADC8-F114F1AEC4D0}.Release|Any CPU.ActiveCfg = Release|Any CPU
		{B0D909AE-7BAB-4692-ADC8-F114F1AEC4D0}.Release|Any CPU.Build.0 = Release|Any CPU
	EndGlobalSection
	GlobalSection(SolutionProperties) = preSolution
		HideSolutionNode = FALSE
	EndGlobalSection
	GlobalSection(ExtensibilityGlobals) = postSolution
		SolutionGuid = {5BD2E807-2A5D-401D-89BE-C22B1FE2A3B9}
	EndGlobalSection
EndGlobal
